
Microsoft Visual Studio Solution File, Format Version 12.00
# Visual Studio 15
VisualStudioVersion = 15.0.27703.2035
MinimumVisualStudioVersion = 10.0.40219.1
Project("{FAE04EC0-301F-11D3-BF4B-00C04F79EFBC}") = "test12", "test12\test12.csproj", "{4BA62ADE-D48B-4E6E-B4BE-A32E7BCD9BBF}"
EndProject
Global
	GlobalSection(SolutionConfigurationPlatforms) = preSolution
		Debug|Any CPU = Debug|Any CPU
		Release|Any CPU = Release|Any CPU
	EndGlobalSection
	GlobalSection(ProjectConfigurationPlatforms) = postSolution
		{4BA62ADE-D48B-4E6E-B4BE-A32E7BCD9BBF}.Debug|Any CPU.ActiveCfg = Debug|Any CPU
		{4BA62ADE-D48B-4E6E-B4BE-A32E7BCD9BBF}.Debug|Any CPU.Build.0 = Debug|Any CPU
		{4BA62ADE-D48B-4E6E-B4BE-A32E7BCD9BBF}.Release|Any CPU.ActiveCfg = Release|Any CPU
		{4BA62ADE-D48B-4E6E-B4BE-A32E7BCD9BBF}.Release|Any CPU.Build.0 = Release|Any CPU
	EndGlobalSection
	GlobalSection(SolutionProperties) = preSolution
		HideSolutionNode = FALSE
	EndGlobalSection
	GlobalSection(ExtensibilityGlobals) = postSolution
		SolutionGuid = {BAA94BAC-1D95-471D-A353-9900CA5D42A9}
	EndGlobalSection
EndGlobal
